
Microsoft Visual Studio Solution File, Format Version 12.00
# Visual Studio Version 16
VisualStudioVersion = 16.0.29613.14
MinimumVisualStudioVersion = 10.0.40219.1
Project("{FAE04EC0-301F-11D3-BF4B-00C04F79EFBC}") = "TestContextDemo.Tests", "TestContext.Tests\TestContextDemo.Tests.csproj", "{34397AC9-CEC3-43D4-ABD5-E4CED824FB8C}"
EndProject
Global
	GlobalSection(SolutionConfigurationPlatforms) = preSolution
		Debug|Any CPU = Debug|Any CPU
		Release|Any CPU = Release|Any CPU
	EndGlobalSection
	GlobalSection(ProjectConfigurationPlatforms) = postSolution
		{34397AC9-CEC3-43D4-ABD5-E4CED824FB8C}.Debug|Any CPU.ActiveCfg = Debug|Any CPU
		{34397AC9-CEC3-43D4-ABD5-E4CED824FB8C}.Debug|Any CPU.Build.0 = Debug|Any CPU
		{34397AC9-CEC3-43D4-ABD5-E4CED824FB8C}.Release|Any CPU.ActiveCfg = Release|Any CPU
		{34397AC9-CEC3-43D4-ABD5-E4CED824FB8C}.Release|Any CPU.Build.0 = Release|Any CPU
	EndGlobalSection
	GlobalSection(SolutionProperties) = preSolution
		HideSolutionNode = FALSE
	EndGlobalSection
	GlobalSection(ExtensibilityGlobals) = postSolution
		SolutionGuid = {68DD7BD1-8B84-424E-AE99-A347660120B1}
	EndGlobalSection
EndGlobal
